// !$*UTF8*$!
{
	archiveVersion = 1;
	classes = {
	};
	objectVersion = 52;
	objects = {

/* Begin PBXBuildFile section */
		814D3D5E259CDBC50039AC3C /* HotProspectsApp.swift in Sources */ = {isa = PBXBuildFile; fileRef = 814D3D4B259CDBC50039AC3C /* HotProspectsApp.swift */; };
		814D3D5F259CDBC50039AC3C /* HotProspectsApp.swift in Sources */ = {isa = PBXBuildFile; fileRef = 814D3D4B259CDBC50039AC3C /* HotProspectsApp.swift */; };
		814D3D60259CDBC50039AC3C /* ContentView.swift in Sources */ = {isa = PBXBuildFile; fileRef = 814D3D4C259CDBC50039AC3C /* ContentView.swift */; };
		814D3D61259CDBC50039AC3C /* ContentView.swift in Sources */ = {isa = PBXBuildFile; fileRef = 814D3D4C259CDBC50039AC3C /* ContentView.swift */; };
		814D3D62259CDBC50039AC3C /* Assets.xcassets in Resources */ = {isa = PBXBuildFile; fileRef = 814D3D4D259CDBC50039AC3C /* Assets.xcassets */; };
		814D3D63259CDBC50039AC3C /* Assets.xcassets in Resources */ = {isa = PBXBuildFile; fileRef = 814D3D4D259CDBC50039AC3C /* Assets.xcassets */; };
		814D3D7125A0B12C0039AC3C /* DelayedUpdater.swift in Sources */ = {isa = PBXBuildFile; fileRef = 814D3D7025A0B12C0039AC3C /* DelayedUpdater.swift */; };
		814D3D7225A0B12C0039AC3C /* DelayedUpdater.swift in Sources */ = {isa = PBXBuildFile; fileRef = 814D3D7025A0B12C0039AC3C /* DelayedUpdater.swift */; };
		814D3D7725A0B8A30039AC3C /* SamplePackage in Frameworks */ = {isa = PBXBuildFile; productRef = 814D3D7625A0B8A30039AC3C /* SamplePackage */; };
/* End PBXBuildFile section */

/* Begin PBXFileReference section */
		814D3D4B259CDBC50039AC3C /* HotProspectsApp.swift */ = {isa = PBXFileReference; lastKnownFileType = sourcecode.swift; path = HotProspectsApp.swift; sourceTree = "<group>"; };
		814D3D4C259CDBC50039AC3C /* ContentView.swift */ = {isa = PBXFileReference; lastKnownFileType = sourcecode.swift; path = ContentView.swift; sourceTree = "<group>"; };
		814D3D4D259CDBC50039AC3C /* Assets.xcassets */ = {isa = PBXFileReference; lastKnownFileType = folder.assetcatalog; path = Assets.xcassets; sourceTree = "<group>"; };
		814D3D52259CDBC50039AC3C /* HotProspects.app */ = {isa = PBXFileReference; explicitFileType = wrapper.application; includeInIndex = 0; path = HotProspects.app; sourceTree = BUILT_PRODUCTS_DIR; };
		814D3D55259CDBC50039AC3C /* Info.plist */ = {isa = PBXFileReference; lastKnownFileType = text.plist.xml; path = Info.plist; sourceTree = "<group>"; };
		814D3D5A259CDBC50039AC3C /* HotProspects.app */ = {isa = PBXFileReference; explicitFileType = wrapper.application; includeInIndex = 0; path = HotProspects.app; sourceTree = BUILT_PRODUCTS_DIR; };
		814D3D5C259CDBC50039AC3C /* Info.plist */ = {isa = PBXFileReference; lastKnownFileType = text.plist.xml; path = Info.plist; sourceTree = "<group>"; };
		814D3D5D259CDBC50039AC3C /* macOS.entitlements */ = {isa = PBXFileReference; lastKnownFileType = text.plist.entitlements; path = macOS.entitlements; sourceTree = "<group>"; };
		814D3D7025A0B12C0039AC3C /* DelayedUpdater.swift */ = {isa = PBXFileReference; lastKnownFileType = sourcecode.swift; path = DelayedUpdater.swift; sourceTree = "<group>"; };
/* End PBXFileReference section */

/* Begin PBXFrameworksBuildPhase section */
		814D3D4F259CDBC50039AC3C /* Frameworks */ = {
			isa = PBXFrameworksBuildPhase;
			buildActionMask = 2147483647;
			files = (
				814D3D7725A0B8A30039AC3C /* SamplePackage in Frameworks */,
			);
			runOnlyForDeploymentPostprocessing = 0;
		};
		814D3D57259CDBC50039AC3C /* Frameworks */ = {
			isa = PBXFrameworksBuildPhase;
			buildActionMask = 2147483647;
			files = (
			);
			runOnlyForDeploymentPostprocessing = 0;
		};
/* End PBXFrameworksBuildPhase section */

/* Begin PBXGroup section */
		814D3D45259CDBC50039AC3C = {
			isa = PBXGroup;
			children = (
				814D3D4A259CDBC50039AC3C /* Shared */,
				814D3D54259CDBC50039AC3C /* iOS */,
				814D3D5B259CDBC50039AC3C /* macOS */,
				814D3D53259CDBC50039AC3C /* Products */,
			);
			sourceTree = "<group>";
		};
		814D3D4A259CDBC50039AC3C /* Shared */ = {
			isa = PBXGroup;
			children = (
				814D3D4B259CDBC50039AC3C /* HotProspectsApp.swift */,
				814D3D4C259CDBC50039AC3C /* ContentView.swift */,
				814D3D4D259CDBC50039AC3C /* Assets.xcassets */,
				814D3D7025A0B12C0039AC3C /* DelayedUpdater.swift */,
			);
			path = Shared;
			sourceTree = "<group>";
		};
		814D3D53259CDBC50039AC3C /* Products */ = {
			isa = PBXGroup;
			children = (
				814D3D52259CDBC50039AC3C /* HotProspects.app */,
				814D3D5A259CDBC50039AC3C /* HotProspects.app */,
			);
			name = Products;
			sourceTree = "<group>";
		};
		814D3D54259CDBC50039AC3C /* iOS */ = {
			isa = PBXGroup;
			children = (
				814D3D55259CDBC50039AC3C /* Info.plist */,
			);
			path = iOS;
			sourceTree = "<group>";
		};
		814D3D5B259CDBC50039AC3C /* macOS */ = {
			isa = PBXGroup;
			children = (
				814D3D5C259CDBC50039AC3C /* Info.plist */,
				814D3D5D259CDBC50039AC3C /* macOS.entitlements */,
			);
			path = macOS;
			sourceTree = "<group>";
		};
/* End PBXGroup section */

/* Begin PBXNativeTarget section */
		814D3D51259CDBC50039AC3C /* HotProspects (iOS) */ = {
			isa = PBXNativeTarget;
			buildConfigurationList = 814D3D66259CDBC50039AC3C /* Build configuration list for PBXNativeTarget "HotProspects (iOS)" */;
			buildPhases = (
				814D3D4E259CDBC50039AC3C /* Sources */,
				814D3D4F259CDBC50039AC3C /* Frameworks */,
				814D3D50259CDBC50039AC3C /* Resources */,
			);
			buildRules = (
			);
			dependencies = (
			);
			name = "HotProspects (iOS)";
			packageProductDependencies = (
				814D3D7625A0B8A30039AC3C /* SamplePackage */,
			);
			productName = "HotProspects (iOS)";
			productReference = 814D3D52259CDBC50039AC3C /* HotProspects.app */;
			productType = "com.apple.product-type.application";
		};
		814D3D59259CDBC50039AC3C /* HotProspects (macOS) */ = {
			isa = PBXNativeTarget;
			buildConfigurationList = 814D3D69259CDBC50039AC3C /* Build configuration list for PBXNativeTarget "HotProspects (macOS)" */;
			buildPhases = (
				814D3D56259CDBC50039AC3C /* Sources */,
				814D3D57259CDBC50039AC3C /* Frameworks */,
				814D3D58259CDBC50039AC3C /* Resources */,
			);
			buildRules = (
			);
			dependencies = (
			);
			name = "HotProspects (macOS)";
			productName = "HotProspects (macOS)";
			productReference = 814D3D5A259CDBC50039AC3C /* HotProspects.app */;
			productType = "com.apple.product-type.application";
		};
/* End PBXNativeTarget section */

/* Begin PBXProject section */
		814D3D46259CDBC50039AC3C /* Project object */ = {
			isa = PBXProject;
			attributes = {
				LastSwiftUpdateCheck = 1230;
				LastUpgradeCheck = 1230;
				TargetAttributes = {
					814D3D51259CDBC50039AC3C = {
						CreatedOnToolsVersion = 12.3;
					};
					814D3D59259CDBC50039AC3C = {
						CreatedOnToolsVersion = 12.3;
					};
				};
			};
			buildConfigurationList = 814D3D49259CDBC50039AC3C /* Build configuration list for PBXProject "HotProspects" */;
			compatibilityVersion = "Xcode 9.3";
			developmentRegion = en;
			hasScannedForEncodings = 0;
			knownRegions = (
				en,
				Base,
			);
			mainGroup = 814D3D45259CDBC50039AC3C;
			packageReferences = (
				814D3D7525A0B8A30039AC3C /* XCRemoteSwiftPackageReference "SamplePackage" */,
			);
			productRefGroup = 814D3D53259CDBC50039AC3C /* Products */;
			projectDirPath = "";
			projectRoot = "";
			targets = (
				814D3D51259CDBC50039AC3C /* HotProspects (iOS) */,
				814D3D59259CDBC50039AC3C /* HotProspects (macOS) */,
			);
		};
/* End PBXProject section */

/* Begin PBXResourcesBuildPhase section */
		814D3D50259CDBC50039AC3C /* Resources */ = {
			isa = PBXResourcesBuildPhase;
			buildActionMask = 2147483647;
			files = (
				814D3D62259CDBC50039AC3C /* Assets.xcassets in Resources */,
			);
			runOnlyForDeploymentPostprocessing = 0;
		};
		814D3D58259CDBC50039AC3C /* Resources */ = {
			isa = PBXResourcesBuildPhase;
			buildActionMask = 2147483647;
			files = (
				814D3D63259CDBC50039AC3C /* Assets.xcassets in Resources */,
			);
			runOnlyForDeploymentPostprocessing = 0;
		};
/* End PBXResourcesBuildPhase section */

/* Begin PBXSourcesBuildPhase section */
		814D3D4E259CDBC50039AC3C /* Sources */ = {
			isa = PBXSourcesBuildPhase;
			buildActionMask = 2147483647;
			files = (
				814D3D7125A0B12C0039AC3C /* DelayedUpdater.swift in Sources */,
				814D3D60259CDBC50039AC3C /* ContentView.swift in Sources */,
				814D3D5E259CDBC50039AC3C /* HotProspectsApp.swift in Sources */,
			);
			runOnlyForDeploymentPostprocessing = 0;
		};
		814D3D56259CDBC50039AC3C /* Sources */ = {
			isa = PBXSourcesBuildPhase;
			buildActionMask = 2147483647;
			files = (
				814D3D7225A0B12C0039AC3C /* DelayedUpdater.swift in Sources */,
				814D3D61259CDBC50039AC3C /* ContentView.swift in Sources */,
				814D3D5F259CDBC50039AC3C /* HotProspectsApp.swift in Sources */,
			);
			runOnlyForDeploymentPostprocessing = 0;
		};
/* End PBXSourcesBuildPhase section */

/* Begin XCBuildConfiguration section */
		814D3D64259CDBC50039AC3C /* Debug */ = {
			isa = XCBuildConfiguration;
			buildSettings = {
				ALWAYS_SEARCH_USER_PATHS = NO;
				CLANG_ANALYZER_NONNULL = YES;
				CLANG_ANALYZER_NUMBER_OBJECT_CONVERSION = YES_AGGRESSIVE;
				CLANG_CXX_LANGUAGE_STANDARD = "gnu++14";
				CLANG_CXX_LIBRARY = "libc++";
				CLANG_ENABLE_MODULES = YES;
				CLANG_ENABLE_OBJC_ARC = YES;
				CLANG_ENABLE_OBJC_WEAK = YES;
				CLANG_WARN_BLOCK_CAPTURE_AUTORELEASING = YES;
				CLANG_WARN_BOOL_CONVERSION = YES;
				CLANG_WARN_COMMA = YES;
				CLANG_WARN_CONSTANT_CONVERSION = YES;
				CLANG_WARN_DEPRECATED_OBJC_IMPLEMENTATIONS = YES;
				CLANG_WARN_DIRECT_OBJC_ISA_USAGE = YES_ERROR;
				CLANG_WARN_DOCUMENTATION_COMMENTS = YES;
				CLANG_WARN_EMPTY_BODY = YES;
				CLANG_WARN_ENUM_CONVERSION = YES;
				CLANG_WARN_INFINITE_RECURSION = YES;
				CLANG_WARN_INT_CONVERSION = YES;
				CLANG_WARN_NON_LITERAL_NULL_CONVERSION = YES;
				CLANG_WARN_OBJC_IMPLICIT_RETAIN_SELF = YES;
				CLANG_WARN_OBJC_LITERAL_CONVERSION = YES;
				CLANG_WARN_OBJC_ROOT_CLASS = YES_ERROR;
				CLANG_WARN_QUOTED_INCLUDE_IN_FRAMEWORK_HEADER = YES;
				CLANG_WARN_RANGE_LOOP_ANALYSIS = YES;
				CLANG_WARN_STRICT_PROTOTYPES = YES;
				CLANG_WARN_SUSPICIOUS_MOVE = YES;
				CLANG_WARN_UNGUARDED_AVAILABILITY = YES_AGGRESSIVE;
				CLANG_WARN_UNREACHABLE_CODE = YES;
				CLANG_WARN__DUPLICATE_METHOD_MATCH = YES;
				COPY_PHASE_STRIP = NO;
				DEBUG_INFORMATION_FORMAT = dwarf;
				ENABLE_STRICT_OBJC_MSGSEND = YES;
				ENABLE_TESTABILITY = YES;
				GCC_C_LANGUAGE_STANDARD = gnu11;
				GCC_DYNAMIC_NO_PIC = NO;
				GCC_NO_COMMON_BLOCKS = YES;
				GCC_OPTIMIZATION_LEVEL = 0;
				GCC_PREPROCESSOR_DEFINITIONS = (
					"DEBUG=1",
					"$(inherited)",
				);
				GCC_WARN_64_TO_32_BIT_CONVERSION = YES;
				GCC_WARN_ABOUT_RETURN_TYPE = YES_ERROR;
				GCC_WARN_UNDECLARED_SELECTOR = YES;
				GCC_WARN_UNINITIALIZED_AUTOS = YES_AGGRESSIVE;
				GCC_WARN_UNUSED_FUNCTION = YES;
				GCC_WARN_UNUSED_VARIABLE = YES;
				MTL_ENABLE_DEBUG_INFO = INCLUDE_SOURCE;
				MTL_FAST_MATH = YES;
				ONLY_ACTIVE_ARCH = YES;
				SWIFT_ACTIVE_COMPILATION_CONDITIONS = DEBUG;
				SWIFT_OPTIMIZATION_LEVEL = "-Onone";
			};
			name = Debug;
		};
		814D3D65259CDBC50039AC3C /* Release */ = {
			isa = XCBuildConfiguration;
			buildSettings = {
				ALWAYS_SEARCH_USER_PATHS = NO;
				CLANG_ANALYZER_NONNULL = YES;
				CLANG_ANALYZER_NUMBER_OBJECT_CONVERSION = YES_AGGRESSIVE;
				CLANG_CXX_LANGUAGE_STANDARD = "gnu++14";
				CLANG_CXX_LIBRARY = "libc++";
				CLANG_ENABLE_MODULES = YES;
				CLANG_ENABLE_OBJC_ARC = YES;
				CLANG_ENABLE_OBJC_WEAK = YES;
				CLANG_WARN_BLOCK_CAPTURE_AUTORELEASING = YES;
				CLANG_WARN_BOOL_CONVERSION = YES;
				CLANG_WARN_COMMA = YES;
				CLANG_WARN_CONSTANT_CONVERSION = YES;
				CLANG_WARN_DEPRECATED_OBJC_IMPLEMENTATIONS = YES;
				CLANG_WARN_DIRECT_OBJC_ISA_USAGE = YES_ERROR;
				CLANG_WARN_DOCUMENTATION_COMMENTS = YES;
				CLANG_WARN_EMPTY_BODY = YES;
				CLANG_WARN_ENUM_CONVERSION = YES;
				CLANG_WARN_INFINITE_RECURSION = YES;
				CLANG_WARN_INT_CONVERSION = YES;
				CLANG_WARN_NON_LITERAL_NULL_CONVERSION = YES;
				CLANG_WARN_OBJC_IMPLICIT_RETAIN_SELF = YES;
				CLANG_WARN_OBJC_LITERAL_CONVERSION = YES;
				CLANG_WARN_OBJC_ROOT_CLASS = YES_ERROR;
				CLANG_WARN_QUOTED_INCLUDE_IN_FRAMEWORK_HEADER = YES;
				CLANG_WARN_RANGE_LOOP_ANALYSIS = YES;
				CLANG_WARN_STRICT_PROTOTYPES = YES;
				CLANG_WARN_SUSPICIOUS_MOVE = YES;
				CLANG_WARN_UNGUARDED_AVAILABILITY = YES_AGGRESSIVE;
				CLANG_WARN_UNREACHABLE_CODE = YES;
				CLANG_WARN__DUPLICATE_METHOD_MATCH = YES;
				COPY_PHASE_STRIP = NO;
				DEBUG_INFORMATION_FORMAT = "dwarf-with-dsym";
				ENABLE_NS_ASSERTIONS = NO;
				ENABLE_STRICT_OBJC_MSGSEND = YES;
				GCC_C_LANGUAGE_STANDARD = gnu11;
				GCC_NO_COMMON_BLOCKS = YES;
				GCC_WARN_64_TO_32_BIT_CONVERSION = YES;
				GCC_WARN_ABOUT_RETURN_TYPE = YES_ERROR;
				GCC_WARN_UNDECLARED_SELECTOR = YES;
				GCC_WARN_UNINITIALIZED_AUTOS = YES_AGGRESSIVE;
				GCC_WARN_UNUSED_FUNCTION = YES;
				GCC_WARN_UNUSED_VARIABLE = YES;
				MTL_ENABLE_DEBUG_INFO = NO;
				MTL_FAST_MATH = YES;
				SWIFT_COMPILATION_MODE = wholemodule;
				SWIFT_OPTIMIZATION_LEVEL = "-O";
			};
			name = Release;
		};
		814D3D67259CDBC50039AC3C /* Debug */ = {
			isa = XCBuildConfiguration;
			buildSettings = {
				ASSETCATALOG_COMPILER_APPICON_NAME = AppIcon;
				ASSETCATALOG_COMPILER_GLOBAL_ACCENT_COLOR_NAME = AccentColor;
				CODE_SIGN_STYLE = Manual;
				DEVELOPMENT_TEAM = "";
				ENABLE_PREVIEWS = YES;
				INFOPLIST_FILE = iOS/Info.plist;
				IPHONEOS_DEPLOYMENT_TARGET = 14.0;
				LD_RUNPATH_SEARCH_PATHS = (
					"$(inherited)",
					"@executable_path/Frameworks",
				);
				PRODUCT_BUNDLE_IDENTIFIER = com.zamora.HotProspects;
				PRODUCT_NAME = HotProspects;
				PROVISIONING_PROFILE_SPECIFIER = "";
				SDKROOT = iphoneos;
				SWIFT_VERSION = 5.0;
				TARGETED_DEVICE_FAMILY = "1,2";
			};
			name = Debug;
		};
		814D3D68259CDBC50039AC3C /* Release */ = {
			isa = XCBuildConfiguration;
			buildSettings = {
				ASSETCATALOG_COMPILER_APPICON_NAME = AppIcon;
				ASSETCATALOG_COMPILER_GLOBAL_ACCENT_COLOR_NAME = AccentColor;
				CODE_SIGN_STYLE = Manual;
				DEVELOPMENT_TEAM = "";
				ENABLE_PREVIEWS = YES;
				INFOPLIST_FILE = iOS/Info.plist;
				IPHONEOS_DEPLOYMENT_TARGET = 14.0;
				LD_RUNPATH_SEARCH_PATHS = (
					"$(inherited)",
					"@executable_path/Frameworks",
				);
				PRODUCT_BUNDLE_IDENTIFIER = com.zamora.HotProspects;
				PRODUCT_NAME = HotProspects;
				PROVISIONING_PROFILE_SPECIFIER = "";
				SDKROOT = iphoneos;
				SWIFT_VERSION = 5.0;
				TARGETED_DEVICE_FAMILY = "1,2";
				VALIDATE_PRODUCT = YES;
			};
			name = Release;
		};
		814D3D6A259CDBC50039AC3C /* Debug */ = {
			isa = XCBuildConfiguration;
			buildSettings = {
				ASSETCATALOG_COMPILER_APPICON_NAME = AppIcon;
				ASSETCATALOG_COMPILER_GLOBAL_ACCENT_COLOR_NAME = AccentColor;
				CODE_SIGN_ENTITLEMENTS = macOS/macOS.entitlements;
				CODE_SIGN_STYLE = Automatic;
				COMBINE_HIDPI_IMAGES = YES;
				DEVELOPMENT_TEAM = 858G4SLVS5;
				ENABLE_HARDENED_RUNTIME = YES;
				ENABLE_PREVIEWS = YES;
				INFOPLIST_FILE = macOS/Info.plist;
				LD_RUNPATH_SEARCH_PATHS = (
					"$(inherited)",
					"@executable_path/../Frameworks",
				);
				MACOSX_DEPLOYMENT_TARGET = 11.0;
				PRODUCT_BUNDLE_IDENTIFIER = com.zamora.HotProspects;
				PRODUCT_NAME = HotProspects;
				SDKROOT = macosx;
				SWIFT_VERSION = 5.0;
			};
			name = Debug;
		};
		814D3D6B259CDBC50039AC3C /* Release */ = {
			isa = XCBuildConfiguration;
			buildSettings = {
				ASSETCATALOG_COMPILER_APPICON_NAME = AppIcon;
				ASSETCATALOG_COMPILER_GLOBAL_ACCENT_COLOR_NAME = AccentColor;
				CODE_SIGN_ENTITLEMENTS = macOS/macOS.entitlements;
				CODE_SIGN_STYLE = Automatic;
				COMBINE_HIDPI_IMAGES = YES;
				DEVELOPMENT_TEAM = 858G4SLVS5;
				ENABLE_HARDENED_RUNTIME = YES;
				ENABLE_PREVIEWS = YES;
				INFOPLIST_FILE = macOS/Info.plist;
				LD_RUNPATH_SEARCH_PATHS = (
					"$(inherited)",
					"@executable_path/../Frameworks",
				);
				MACOSX_DEPLOYMENT_TARGET = 11.0;
				PRODUCT_BUNDLE_IDENTIFIER = com.zamora.HotProspects;
				PRODUCT_NAME = HotProspects;
				SDKROOT = macosx;
				SWIFT_VERSION = 5.0;
			};
			name = Release;
		};
/* End XCBuildConfiguration section */

/* Begin XCConfigurationList section */
		814D3D49259CDBC50039AC3C /* Build configuration list for PBXProject "HotProspects" */ = {
			isa = XCConfigurationList;
			buildConfigurations = (
				814D3D64259CDBC50039AC3C /* Debug */,
				814D3D65259CDBC50039AC3C /* Release */,
			);
			defaultConfigurationIsVisible = 0;
			defaultConfigurationName = Release;
		};
		814D3D66259CDBC50039AC3C /* Build configuration list for PBXNativeTarget "HotProspects (iOS)" */ = {
			isa = XCConfigurationList;
			buildConfigurations = (
				814D3D67259CDBC50039AC3C /* Debug */,
				814D3D68259CDBC50039AC3C /* Release */,
			);
			defaultConfigurationIsVisible = 0;
			defaultConfigurationName = Release;
		};
		814D3D69259CDBC50039AC3C /* Build configuration list for PBXNativeTarget "HotProspects (macOS)" */ = {
			isa = XCConfigurationList;
			buildConfigurations = (
				814D3D6A259CDBC50039AC3C /* Debug */,
				814D3D6B259CDBC50039AC3C /* Release */,
			);
			defaultConfigurationIsVisible = 0;
			defaultConfigurationName = Release;
		};
/* End XCConfigurationList section */

/* Begin XCRemoteSwiftPackageReference section */
		814D3D7525A0B8A30039AC3C /* XCRemoteSwiftPackageReference "SamplePackage" */ = {
			isa = XCRemoteSwiftPackageReference;
			repositoryURL = "https://github.com/twostraws/SamplePackage";
			requirement = {
				kind = upToNextMajorVersion;
				minimumVersion = 1.0.0;
			};
		};
/* End XCRemoteSwiftPackageReference section */

/* Begin XCSwiftPackageProductDependency section */
		814D3D7625A0B8A30039AC3C /* SamplePackage */ = {
			isa = XCSwiftPackageProductDependency;
			package = 814D3D7525A0B8A30039AC3C /* XCRemoteSwiftPackageReference "SamplePackage" */;
			productName = SamplePackage;
		};
/* End XCSwiftPackageProductDependency section */
	};
	rootObject = 814D3D46259CDBC50039AC3C /* Project object */;
}
