// !$*UTF8*$!
{
	archiveVersion = 1;
	classes = {
	};
	objectVersion = 50;
	objects = {

/* Begin PBXBuildFile section */
		8122F9D92561222900708C1D /* Movie+CoreDataClass.swift in Sources */ = {isa = PBXBuildFile; fileRef = 8122F9D72561222900708C1D /* Movie+CoreDataClass.swift */; };
		8122F9DA2561222900708C1D /* Movie+CoreDataProperties.swift in Sources */ = {isa = PBXBuildFile; fileRef = 8122F9D82561222900708C1D /* Movie+CoreDataProperties.swift */; };
		81F8D6E825603E1A00642C37 /* CoreDataProjectApp.swift in Sources */ = {isa = PBXBuildFile; fileRef = 81F8D6E725603E1A00642C37 /* CoreDataProjectApp.swift */; };
		81F8D6EA25603E1A00642C37 /* ContentView.swift in Sources */ = {isa = PBXBuildFile; fileRef = 81F8D6E925603E1A00642C37 /* ContentView.swift */; };
		81F8D6EC25603E1E00642C37 /* Assets.xcassets in Resources */ = {isa = PBXBuildFile; fileRef = 81F8D6EB25603E1E00642C37 /* Assets.xcassets */; };
		81F8D6EF25603E1E00642C37 /* Preview Assets.xcassets in Resources */ = {isa = PBXBuildFile; fileRef = 81F8D6EE25603E1E00642C37 /* Preview Assets.xcassets */; };
		81F8D6F125603E1E00642C37 /* Persistence.swift in Sources */ = {isa = PBXBuildFile; fileRef = 81F8D6F025603E1E00642C37 /* Persistence.swift */; };
		81F8D6F425603E1E00642C37 /* CoreDataProject.xcdatamodeld in Sources */ = {isa = PBXBuildFile; fileRef = 81F8D6F225603E1E00642C37 /* CoreDataProject.xcdatamodeld */; };
/* End PBXBuildFile section */

/* Begin PBXFileReference section */
		8122F9D72561222900708C1D /* Movie+CoreDataClass.swift */ = {isa = PBXFileReference; lastKnownFileType = sourcecode.swift; name = "Movie+CoreDataClass.swift"; path = "CoreDataProject/Movie+CoreDataClass.swift"; sourceTree = "<group>"; };
		8122F9D82561222900708C1D /* Movie+CoreDataProperties.swift */ = {isa = PBXFileReference; lastKnownFileType = sourcecode.swift; name = "Movie+CoreDataProperties.swift"; path = "CoreDataProject/Movie+CoreDataProperties.swift"; sourceTree = "<group>"; };
		81F8D6E425603E1A00642C37 /* CoreDataProject.app */ = {isa = PBXFileReference; explicitFileType = wrapper.application; includeInIndex = 0; path = CoreDataProject.app; sourceTree = BUILT_PRODUCTS_DIR; };
		81F8D6E725603E1A00642C37 /* CoreDataProjectApp.swift */ = {isa = PBXFileReference; lastKnownFileType = sourcecode.swift; path = CoreDataProjectApp.swift; sourceTree = "<group>"; };
		81F8D6E925603E1A00642C37 /* ContentView.swift */ = {isa = PBXFileReference; lastKnownFileType = sourcecode.swift; path = ContentView.swift; sourceTree = "<group>"; };
		81F8D6EB25603E1E00642C37 /* Assets.xcassets */ = {isa = PBXFileReference; lastKnownFileType = folder.assetcatalog; path = Assets.xcassets; sourceTree = "<group>"; };
		81F8D6EE25603E1E00642C37 /* Preview Assets.xcassets */ = {isa = PBXFileReference; lastKnownFileType = folder.assetcatalog; path = "Preview Assets.xcassets"; sourceTree = "<group>"; };
		81F8D6F025603E1E00642C37 /* Persistence.swift */ = {isa = PBXFileReference; lastKnownFileType = sourcecode.swift; path = Persistence.swift; sourceTree = "<group>"; };
		81F8D6F325603E1E00642C37 /* CoreDataProject.xcdatamodel */ = {isa = PBXFileReference; lastKnownFileType = wrapper.xcdatamodel; path = CoreDataProject.xcdatamodel; sourceTree = "<group>"; };
		81F8D6F525603E1E00642C37 /* Info.plist */ = {isa = PBXFileReference; lastKnownFileType = text.plist.xml; path = Info.plist; sourceTree = "<group>"; };
/* End PBXFileReference section */

/* Begin PBXFrameworksBuildPhase section */
		81F8D6E125603E1A00642C37 /* Frameworks */ = {
			isa = PBXFrameworksBuildPhase;
			buildActionMask = 2147483647;
			files = (
			);
			runOnlyForDeploymentPostprocessing = 0;
		};
/* End PBXFrameworksBuildPhase section */

/* Begin PBXGroup section */
		81F8D6DB25603E1A00642C37 = {
			isa = PBXGroup;
			children = (
				8122F9D72561222900708C1D /* Movie+CoreDataClass.swift */,
				8122F9D82561222900708C1D /* Movie+CoreDataProperties.swift */,
				81F8D6E625603E1A00642C37 /* CoreDataProject */,
				81F8D6E525603E1A00642C37 /* Products */,
			);
			sourceTree = "<group>";
		};
		81F8D6E525603E1A00642C37 /* Products */ = {
			isa = PBXGroup;
			children = (
				81F8D6E425603E1A00642C37 /* CoreDataProject.app */,
			);
			name = Products;
			sourceTree = "<group>";
		};
		81F8D6E625603E1A00642C37 /* CoreDataProject */ = {
			isa = PBXGroup;
			children = (
				81F8D6E725603E1A00642C37 /* CoreDataProjectApp.swift */,
				81F8D6E925603E1A00642C37 /* ContentView.swift */,
				81F8D6EB25603E1E00642C37 /* Assets.xcassets */,
				81F8D6F025603E1E00642C37 /* Persistence.swift */,
				81F8D6F525603E1E00642C37 /* Info.plist */,
				81F8D6F225603E1E00642C37 /* CoreDataProject.xcdatamodeld */,
				81F8D6ED25603E1E00642C37 /* Preview Content */,
			);
			path = CoreDataProject;
			sourceTree = "<group>";
		};
		81F8D6ED25603E1E00642C37 /* Preview Content */ = {
			isa = PBXGroup;
			children = (
				81F8D6EE25603E1E00642C37 /* Preview Assets.xcassets */,
			);
			path = "Preview Content";
			sourceTree = "<group>";
		};
/* End PBXGroup section */

/* Begin PBXNativeTarget section */
		81F8D6E325603E1A00642C37 /* CoreDataProject */ = {
			isa = PBXNativeTarget;
			buildConfigurationList = 81F8D6F825603E1E00642C37 /* Build configuration list for PBXNativeTarget "CoreDataProject" */;
			buildPhases = (
				81F8D6E025603E1A00642C37 /* Sources */,
				81F8D6E125603E1A00642C37 /* Frameworks */,
				81F8D6E225603E1A00642C37 /* Resources */,
			);
			buildRules = (
			);
			dependencies = (
			);
			name = CoreDataProject;
			productName = CoreDataProject;
			productReference = 81F8D6E425603E1A00642C37 /* CoreDataProject.app */;
			productType = "com.apple.product-type.application";
		};
/* End PBXNativeTarget section */

/* Begin PBXProject section */
		81F8D6DC25603E1A00642C37 /* Project object */ = {
			isa = PBXProject;
			attributes = {
				LastSwiftUpdateCheck = 1220;
				LastUpgradeCheck = 1220;
				TargetAttributes = {
					81F8D6E325603E1A00642C37 = {
						CreatedOnToolsVersion = 12.2;
					};
				};
			};
			buildConfigurationList = 81F8D6DF25603E1A00642C37 /* Build configuration list for PBXProject "CoreDataProject" */;
			compatibilityVersion = "Xcode 9.3";
			developmentRegion = en;
			hasScannedForEncodings = 0;
			knownRegions = (
				en,
				Base,
			);
			mainGroup = 81F8D6DB25603E1A00642C37;
			productRefGroup = 81F8D6E525603E1A00642C37 /* Products */;
			projectDirPath = "";
			projectRoot = "";
			targets = (
				81F8D6E325603E1A00642C37 /* CoreDataProject */,
			);
		};
/* End PBXProject section */

/* Begin PBXResourcesBuildPhase section */
		81F8D6E225603E1A00642C37 /* Resources */ = {
			isa = PBXResourcesBuildPhase;
			buildActionMask = 2147483647;
			files = (
				81F8D6EF25603E1E00642C37 /* Preview Assets.xcassets in Resources */,
				81F8D6EC25603E1E00642C37 /* Assets.xcassets in Resources */,
			);
			runOnlyForDeploymentPostprocessing = 0;
		};
/* End PBXResourcesBuildPhase section */

/* Begin PBXSourcesBuildPhase section */
		81F8D6E025603E1A00642C37 /* Sources */ = {
			isa = PBXSourcesBuildPhase;
			buildActionMask = 2147483647;
			files = (
				81F8D6F125603E1E00642C37 /* Persistence.swift in Sources */,
				81F8D6EA25603E1A00642C37 /* ContentView.swift in Sources */,
				81F8D6F425603E1E00642C37 /* CoreDataProject.xcdatamodeld in Sources */,
				8122F9D92561222900708C1D /* Movie+CoreDataClass.swift in Sources */,
				8122F9DA2561222900708C1D /* Movie+CoreDataProperties.swift in Sources */,
				81F8D6E825603E1A00642C37 /* CoreDataProjectApp.swift in Sources */,
			);
			runOnlyForDeploymentPostprocessing = 0;
		};
/* End PBXSourcesBuildPhase section */

/* Begin XCBuildConfiguration section */
		81F8D6F625603E1E00642C37 /* Debug */ = {
			isa = XCBuildConfiguration;
			buildSettings = {
				ALWAYS_SEARCH_USER_PATHS = NO;
				CLANG_ANALYZER_NONNULL = YES;
				CLANG_ANALYZER_NUMBER_OBJECT_CONVERSION = YES_AGGRESSIVE;
				CLANG_CXX_LANGUAGE_STANDARD = "gnu++14";
				CLANG_CXX_LIBRARY = "libc++";
				CLANG_ENABLE_MODULES = YES;
				CLANG_ENABLE_OBJC_ARC = YES;
				CLANG_ENABLE_OBJC_WEAK = YES;
				CLANG_WARN_BLOCK_CAPTURE_AUTORELEASING = YES;
				CLANG_WARN_BOOL_CONVERSION = YES;
				CLANG_WARN_COMMA = YES;
				CLANG_WARN_CONSTANT_CONVERSION = YES;
				CLANG_WARN_DEPRECATED_OBJC_IMPLEMENTATIONS = YES;
				CLANG_WARN_DIRECT_OBJC_ISA_USAGE = YES_ERROR;
				CLANG_WARN_DOCUMENTATION_COMMENTS = YES;
				CLANG_WARN_EMPTY_BODY = YES;
				CLANG_WARN_ENUM_CONVERSION = YES;
				CLANG_WARN_INFINITE_RECURSION = YES;
				CLANG_WARN_INT_CONVERSION = YES;
				CLANG_WARN_NON_LITERAL_NULL_CONVERSION = YES;
				CLANG_WARN_OBJC_IMPLICIT_RETAIN_SELF = YES;
				CLANG_WARN_OBJC_LITERAL_CONVERSION = YES;
				CLANG_WARN_OBJC_ROOT_CLASS = YES_ERROR;
				CLANG_WARN_QUOTED_INCLUDE_IN_FRAMEWORK_HEADER = YES;
				CLANG_WARN_RANGE_LOOP_ANALYSIS = YES;
				CLANG_WARN_STRICT_PROTOTYPES = YES;
				CLANG_WARN_SUSPICIOUS_MOVE = YES;
				CLANG_WARN_UNGUARDED_AVAILABILITY = YES_AGGRESSIVE;
				CLANG_WARN_UNREACHABLE_CODE = YES;
				CLANG_WARN__DUPLICATE_METHOD_MATCH = YES;
				COPY_PHASE_STRIP = NO;
				DEBUG_INFORMATION_FORMAT = dwarf;
				ENABLE_STRICT_OBJC_MSGSEND = YES;
				ENABLE_TESTABILITY = YES;
				GCC_C_LANGUAGE_STANDARD = gnu11;
				GCC_DYNAMIC_NO_PIC = NO;
				GCC_NO_COMMON_BLOCKS = YES;
				GCC_OPTIMIZATION_LEVEL = 0;
				GCC_PREPROCESSOR_DEFINITIONS = (
					"DEBUG=1",
					"$(inherited)",
				);
				GCC_WARN_64_TO_32_BIT_CONVERSION = YES;
				GCC_WARN_ABOUT_RETURN_TYPE = YES_ERROR;
				GCC_WARN_UNDECLARED_SELECTOR = YES;
				GCC_WARN_UNINITIALIZED_AUTOS = YES_AGGRESSIVE;
				GCC_WARN_UNUSED_FUNCTION = YES;
				GCC_WARN_UNUSED_VARIABLE = YES;
				IPHONEOS_DEPLOYMENT_TARGET = 14.2;
				MTL_ENABLE_DEBUG_INFO = INCLUDE_SOURCE;
				MTL_FAST_MATH = YES;
				ONLY_ACTIVE_ARCH = YES;
				SDKROOT = iphoneos;
				SWIFT_ACTIVE_COMPILATION_CONDITIONS = DEBUG;
				SWIFT_OPTIMIZATION_LEVEL = "-Onone";
			};
			name = Debug;
		};
		81F8D6F725603E1E00642C37 /* Release */ = {
			isa = XCBuildConfiguration;
			buildSettings = {
				ALWAYS_SEARCH_USER_PATHS = NO;
				CLANG_ANALYZER_NONNULL = YES;
				CLANG_ANALYZER_NUMBER_OBJECT_CONVERSION = YES_AGGRESSIVE;
				CLANG_CXX_LANGUAGE_STANDARD = "gnu++14";
				CLANG_CXX_LIBRARY = "libc++";
				CLANG_ENABLE_MODULES = YES;
				CLANG_ENABLE_OBJC_ARC = YES;
				CLANG_ENABLE_OBJC_WEAK = YES;
				CLANG_WARN_BLOCK_CAPTURE_AUTORELEASING = YES;
				CLANG_WARN_BOOL_CONVERSION = YES;
				CLANG_WARN_COMMA = YES;
				CLANG_WARN_CONSTANT_CONVERSION = YES;
				CLANG_WARN_DEPRECATED_OBJC_IMPLEMENTATIONS = YES;
				CLANG_WARN_DIRECT_OBJC_ISA_USAGE = YES_ERROR;
				CLANG_WARN_DOCUMENTATION_COMMENTS = YES;
				CLANG_WARN_EMPTY_BODY = YES;
				CLANG_WARN_ENUM_CONVERSION = YES;
				CLANG_WARN_INFINITE_RECURSION = YES;
				CLANG_WARN_INT_CONVERSION = YES;
				CLANG_WARN_NON_LITERAL_NULL_CONVERSION = YES;
				CLANG_WARN_OBJC_IMPLICIT_RETAIN_SELF = YES;
				CLANG_WARN_OBJC_LITERAL_CONVERSION = YES;
				CLANG_WARN_OBJC_ROOT_CLASS = YES_ERROR;
				CLANG_WARN_QUOTED_INCLUDE_IN_FRAMEWORK_HEADER = YES;
				CLANG_WARN_RANGE_LOOP_ANALYSIS = YES;
				CLANG_WARN_STRICT_PROTOTYPES = YES;
				CLANG_WARN_SUSPICIOUS_MOVE = YES;
				CLANG_WARN_UNGUARDED_AVAILABILITY = YES_AGGRESSIVE;
				CLANG_WARN_UNREACHABLE_CODE = YES;
				CLANG_WARN__DUPLICATE_METHOD_MATCH = YES;
				COPY_PHASE_STRIP = NO;
				DEBUG_INFORMATION_FORMAT = "dwarf-with-dsym";
				ENABLE_NS_ASSERTIONS = NO;
				ENABLE_STRICT_OBJC_MSGSEND = YES;
				GCC_C_LANGUAGE_STANDARD = gnu11;
				GCC_NO_COMMON_BLOCKS = YES;
				GCC_WARN_64_TO_32_BIT_CONVERSION = YES;
				GCC_WARN_ABOUT_RETURN_TYPE = YES_ERROR;
				GCC_WARN_UNDECLARED_SELECTOR = YES;
				GCC_WARN_UNINITIALIZED_AUTOS = YES_AGGRESSIVE;
				GCC_WARN_UNUSED_FUNCTION = YES;
				GCC_WARN_UNUSED_VARIABLE = YES;
				IPHONEOS_DEPLOYMENT_TARGET = 14.2;
				MTL_ENABLE_DEBUG_INFO = NO;
				MTL_FAST_MATH = YES;
				SDKROOT = iphoneos;
				SWIFT_COMPILATION_MODE = wholemodule;
				SWIFT_OPTIMIZATION_LEVEL = "-O";
				VALIDATE_PRODUCT = YES;
			};
			name = Release;
		};
		81F8D6F925603E1E00642C37 /* Debug */ = {
			isa = XCBuildConfiguration;
			buildSettings = {
				ASSETCATALOG_COMPILER_APPICON_NAME = AppIcon;
				ASSETCATALOG_COMPILER_GLOBAL_ACCENT_COLOR_NAME = AccentColor;
				CODE_SIGN_STYLE = Manual;
				DEVELOPMENT_ASSET_PATHS = "\"CoreDataProject/Preview Content\"";
				DEVELOPMENT_TEAM = "";
				ENABLE_PREVIEWS = YES;
				INFOPLIST_FILE = CoreDataProject/Info.plist;
				IPHONEOS_DEPLOYMENT_TARGET = 14.0;
				LD_RUNPATH_SEARCH_PATHS = (
					"$(inherited)",
					"@executable_path/Frameworks",
				);
				PRODUCT_BUNDLE_IDENTIFIER = com.zamora.CoreDataProject;
				PRODUCT_NAME = "$(TARGET_NAME)";
				PROVISIONING_PROFILE_SPECIFIER = "";
				SWIFT_VERSION = 5.0;
				TARGETED_DEVICE_FAMILY = "1,2";
			};
			name = Debug;
		};
		81F8D6FA25603E1E00642C37 /* Release */ = {
			isa = XCBuildConfiguration;
			buildSettings = {
				ASSETCATALOG_COMPILER_APPICON_NAME = AppIcon;
				ASSETCATALOG_COMPILER_GLOBAL_ACCENT_COLOR_NAME = AccentColor;
				CODE_SIGN_STYLE = Manual;
				DEVELOPMENT_ASSET_PATHS = "\"CoreDataProject/Preview Content\"";
				DEVELOPMENT_TEAM = "";
				ENABLE_PREVIEWS = YES;
				INFOPLIST_FILE = CoreDataProject/Info.plist;
				IPHONEOS_DEPLOYMENT_TARGET = 14.0;
				LD_RUNPATH_SEARCH_PATHS = (
					"$(inherited)",
					"@executable_path/Frameworks",
				);
				PRODUCT_BUNDLE_IDENTIFIER = com.zamora.CoreDataProject;
				PRODUCT_NAME = "$(TARGET_NAME)";
				PROVISIONING_PROFILE_SPECIFIER = "";
				SWIFT_VERSION = 5.0;
				TARGETED_DEVICE_FAMILY = "1,2";
			};
			name = Release;
		};
/* End XCBuildConfiguration section */

/* Begin XCConfigurationList section */
		81F8D6DF25603E1A00642C37 /* Build configuration list for PBXProject "CoreDataProject" */ = {
			isa = XCConfigurationList;
			buildConfigurations = (
				81F8D6F625603E1E00642C37 /* Debug */,
				81F8D6F725603E1E00642C37 /* Release */,
			);
			defaultConfigurationIsVisible = 0;
			defaultConfigurationName = Release;
		};
		81F8D6F825603E1E00642C37 /* Build configuration list for PBXNativeTarget "CoreDataProject" */ = {
			isa = XCConfigurationList;
			buildConfigurations = (
				81F8D6F925603E1E00642C37 /* Debug */,
				81F8D6FA25603E1E00642C37 /* Release */,
			);
			defaultConfigurationIsVisible = 0;
			defaultConfigurationName = Release;
		};
/* End XCConfigurationList section */

/* Begin XCVersionGroup section */
		81F8D6F225603E1E00642C37 /* CoreDataProject.xcdatamodeld */ = {
			isa = XCVersionGroup;
			children = (
				81F8D6F325603E1E00642C37 /* CoreDataProject.xcdatamodel */,
			);
			currentVersion = 81F8D6F325603E1E00642C37 /* CoreDataProject.xcdatamodel */;
			path = CoreDataProject.xcdatamodeld;
			sourceTree = "<group>";
			versionGroupType = wrapper.xcdatamodel;
		};
/* End XCVersionGroup section */
	};
	rootObject = 81F8D6DC25603E1A00642C37 /* Project object */;
}
