// !$*UTF8*$!
{
	archiveVersion = 1;
	classes = {
	};
	objectVersion = 50;
	objects = {

/* Begin PBXBuildFile section */
		816E3C87261F8A49004C37EA /* SnowSeekerApp.swift in Sources */ = {isa = PBXBuildFile; fileRef = 816E3C86261F8A49004C37EA /* SnowSeekerApp.swift */; };
		816E3C89261F8A49004C37EA /* ContentView.swift in Sources */ = {isa = PBXBuildFile; fileRef = 816E3C88261F8A49004C37EA /* ContentView.swift */; };
		816E3C8B261F8A49004C37EA /* Assets.xcassets in Resources */ = {isa = PBXBuildFile; fileRef = 816E3C8A261F8A49004C37EA /* Assets.xcassets */; };
		816E3C8E261F8A49004C37EA /* Preview Assets.xcassets in Resources */ = {isa = PBXBuildFile; fileRef = 816E3C8D261F8A49004C37EA /* Preview Assets.xcassets */; };
		816E3C9826201928004C37EA /* resorts.json in Resources */ = {isa = PBXBuildFile; fileRef = 816E3C9726201928004C37EA /* resorts.json */; };
		816E3C9B26201994004C37EA /* Resort.swift in Sources */ = {isa = PBXBuildFile; fileRef = 816E3C9A26201994004C37EA /* Resort.swift */; };
		816E3C9E26201A77004C37EA /* Bundle+Decode.swift in Sources */ = {isa = PBXBuildFile; fileRef = 816E3C9D26201A77004C37EA /* Bundle+Decode.swift */; };
		816E3CA126207D05004C37EA /* ResortView.swift in Sources */ = {isa = PBXBuildFile; fileRef = 816E3CA026207D05004C37EA /* ResortView.swift */; };
		816E3CA426207E78004C37EA /* SkiDetailsView.swift in Sources */ = {isa = PBXBuildFile; fileRef = 816E3CA326207E78004C37EA /* SkiDetailsView.swift */; };
		816E3CA726208029004C37EA /* ResortDetailsView.swift in Sources */ = {isa = PBXBuildFile; fileRef = 816E3CA626208029004C37EA /* ResortDetailsView.swift */; };
		816E3CAA2621CB30004C37EA /* Facility.swift in Sources */ = {isa = PBXBuildFile; fileRef = 816E3CA92621CB30004C37EA /* Facility.swift */; };
		816E3CAD2621D036004C37EA /* Favorites.swift in Sources */ = {isa = PBXBuildFile; fileRef = 816E3CAC2621D036004C37EA /* Favorites.swift */; };
/* End PBXBuildFile section */

/* Begin PBXFileReference section */
		816E3C83261F8A49004C37EA /* SnowSeeker.app */ = {isa = PBXFileReference; explicitFileType = wrapper.application; includeInIndex = 0; path = SnowSeeker.app; sourceTree = BUILT_PRODUCTS_DIR; };
		816E3C86261F8A49004C37EA /* SnowSeekerApp.swift */ = {isa = PBXFileReference; lastKnownFileType = sourcecode.swift; path = SnowSeekerApp.swift; sourceTree = "<group>"; };
		816E3C88261F8A49004C37EA /* ContentView.swift */ = {isa = PBXFileReference; lastKnownFileType = sourcecode.swift; path = ContentView.swift; sourceTree = "<group>"; };
		816E3C8A261F8A49004C37EA /* Assets.xcassets */ = {isa = PBXFileReference; lastKnownFileType = folder.assetcatalog; path = Assets.xcassets; sourceTree = "<group>"; };
		816E3C8D261F8A49004C37EA /* Preview Assets.xcassets */ = {isa = PBXFileReference; lastKnownFileType = folder.assetcatalog; path = "Preview Assets.xcassets"; sourceTree = "<group>"; };
		816E3C8F261F8A49004C37EA /* Info.plist */ = {isa = PBXFileReference; lastKnownFileType = text.plist.xml; path = Info.plist; sourceTree = "<group>"; };
		816E3C9726201928004C37EA /* resorts.json */ = {isa = PBXFileReference; fileEncoding = 4; lastKnownFileType = text.json; path = resorts.json; sourceTree = "<group>"; };
		816E3C9A26201994004C37EA /* Resort.swift */ = {isa = PBXFileReference; lastKnownFileType = sourcecode.swift; path = Resort.swift; sourceTree = "<group>"; };
		816E3C9D26201A77004C37EA /* Bundle+Decode.swift */ = {isa = PBXFileReference; lastKnownFileType = sourcecode.swift; path = "Bundle+Decode.swift"; sourceTree = "<group>"; };
		816E3CA026207D05004C37EA /* ResortView.swift */ = {isa = PBXFileReference; lastKnownFileType = sourcecode.swift; path = ResortView.swift; sourceTree = "<group>"; };
		816E3CA326207E78004C37EA /* SkiDetailsView.swift */ = {isa = PBXFileReference; lastKnownFileType = sourcecode.swift; path = SkiDetailsView.swift; sourceTree = "<group>"; };
		816E3CA626208029004C37EA /* ResortDetailsView.swift */ = {isa = PBXFileReference; lastKnownFileType = sourcecode.swift; path = ResortDetailsView.swift; sourceTree = "<group>"; };
		816E3CA92621CB30004C37EA /* Facility.swift */ = {isa = PBXFileReference; lastKnownFileType = sourcecode.swift; path = Facility.swift; sourceTree = "<group>"; };
		816E3CAC2621D036004C37EA /* Favorites.swift */ = {isa = PBXFileReference; lastKnownFileType = sourcecode.swift; path = Favorites.swift; sourceTree = "<group>"; };
/* End PBXFileReference section */

/* Begin PBXFrameworksBuildPhase section */
		816E3C80261F8A49004C37EA /* Frameworks */ = {
			isa = PBXFrameworksBuildPhase;
			buildActionMask = 2147483647;
			files = (
			);
			runOnlyForDeploymentPostprocessing = 0;
		};
/* End PBXFrameworksBuildPhase section */

/* Begin PBXGroup section */
		816E3C7A261F8A49004C37EA = {
			isa = PBXGroup;
			children = (
				816E3C85261F8A49004C37EA /* SnowSeeker */,
				816E3C84261F8A49004C37EA /* Products */,
			);
			sourceTree = "<group>";
		};
		816E3C84261F8A49004C37EA /* Products */ = {
			isa = PBXGroup;
			children = (
				816E3C83261F8A49004C37EA /* SnowSeeker.app */,
			);
			name = Products;
			sourceTree = "<group>";
		};
		816E3C85261F8A49004C37EA /* SnowSeeker */ = {
			isa = PBXGroup;
			children = (
				816E3C9726201928004C37EA /* resorts.json */,
				816E3C86261F8A49004C37EA /* SnowSeekerApp.swift */,
				816E3C88261F8A49004C37EA /* ContentView.swift */,
				816E3CA326207E78004C37EA /* SkiDetailsView.swift */,
				816E3C8A261F8A49004C37EA /* Assets.xcassets */,
				816E3C9A26201994004C37EA /* Resort.swift */,
				816E3CAC2621D036004C37EA /* Favorites.swift */,
				816E3C8F261F8A49004C37EA /* Info.plist */,
				816E3C8C261F8A49004C37EA /* Preview Content */,
				816E3C9D26201A77004C37EA /* Bundle+Decode.swift */,
				816E3CA026207D05004C37EA /* ResortView.swift */,
				816E3CA92621CB30004C37EA /* Facility.swift */,
				816E3CA626208029004C37EA /* ResortDetailsView.swift */,
			);
			path = SnowSeeker;
			sourceTree = "<group>";
		};
		816E3C8C261F8A49004C37EA /* Preview Content */ = {
			isa = PBXGroup;
			children = (
				816E3C8D261F8A49004C37EA /* Preview Assets.xcassets */,
			);
			path = "Preview Content";
			sourceTree = "<group>";
		};
/* End PBXGroup section */

/* Begin PBXNativeTarget section */
		816E3C82261F8A49004C37EA /* SnowSeeker */ = {
			isa = PBXNativeTarget;
			buildConfigurationList = 816E3C92261F8A49004C37EA /* Build configuration list for PBXNativeTarget "SnowSeeker" */;
			buildPhases = (
				816E3C7F261F8A49004C37EA /* Sources */,
				816E3C80261F8A49004C37EA /* Frameworks */,
				816E3C81261F8A49004C37EA /* Resources */,
			);
			buildRules = (
			);
			dependencies = (
			);
			name = SnowSeeker;
			productName = SnowSeeker;
			productReference = 816E3C83261F8A49004C37EA /* SnowSeeker.app */;
			productType = "com.apple.product-type.application";
		};
/* End PBXNativeTarget section */

/* Begin PBXProject section */
		816E3C7B261F8A49004C37EA /* Project object */ = {
			isa = PBXProject;
			attributes = {
				LastSwiftUpdateCheck = 1240;
				LastUpgradeCheck = 1240;
				TargetAttributes = {
					816E3C82261F8A49004C37EA = {
						CreatedOnToolsVersion = 12.4;
					};
				};
			};
			buildConfigurationList = 816E3C7E261F8A49004C37EA /* Build configuration list for PBXProject "SnowSeeker" */;
			compatibilityVersion = "Xcode 9.3";
			developmentRegion = en;
			hasScannedForEncodings = 0;
			knownRegions = (
				en,
				Base,
			);
			mainGroup = 816E3C7A261F8A49004C37EA;
			productRefGroup = 816E3C84261F8A49004C37EA /* Products */;
			projectDirPath = "";
			projectRoot = "";
			targets = (
				816E3C82261F8A49004C37EA /* SnowSeeker */,
			);
		};
/* End PBXProject section */

/* Begin PBXResourcesBuildPhase section */
		816E3C81261F8A49004C37EA /* Resources */ = {
			isa = PBXResourcesBuildPhase;
			buildActionMask = 2147483647;
			files = (
				816E3C9826201928004C37EA /* resorts.json in Resources */,
				816E3C8E261F8A49004C37EA /* Preview Assets.xcassets in Resources */,
				816E3C8B261F8A49004C37EA /* Assets.xcassets in Resources */,
			);
			runOnlyForDeploymentPostprocessing = 0;
		};
/* End PBXResourcesBuildPhase section */

/* Begin PBXSourcesBuildPhase section */
		816E3C7F261F8A49004C37EA /* Sources */ = {
			isa = PBXSourcesBuildPhase;
			buildActionMask = 2147483647;
			files = (
				816E3CAD2621D036004C37EA /* Favorites.swift in Sources */,
				816E3C89261F8A49004C37EA /* ContentView.swift in Sources */,
				816E3CA426207E78004C37EA /* SkiDetailsView.swift in Sources */,
				816E3C9B26201994004C37EA /* Resort.swift in Sources */,
				816E3CA126207D05004C37EA /* ResortView.swift in Sources */,
				816E3C87261F8A49004C37EA /* SnowSeekerApp.swift in Sources */,
				816E3CA726208029004C37EA /* ResortDetailsView.swift in Sources */,
				816E3CAA2621CB30004C37EA /* Facility.swift in Sources */,
				816E3C9E26201A77004C37EA /* Bundle+Decode.swift in Sources */,
			);
			runOnlyForDeploymentPostprocessing = 0;
		};
/* End PBXSourcesBuildPhase section */

/* Begin XCBuildConfiguration section */
		816E3C90261F8A49004C37EA /* Debug */ = {
			isa = XCBuildConfiguration;
			buildSettings = {
				ALWAYS_SEARCH_USER_PATHS = NO;
				CLANG_ANALYZER_NONNULL = YES;
				CLANG_ANALYZER_NUMBER_OBJECT_CONVERSION = YES_AGGRESSIVE;
				CLANG_CXX_LANGUAGE_STANDARD = "gnu++14";
				CLANG_CXX_LIBRARY = "libc++";
				CLANG_ENABLE_MODULES = YES;
				CLANG_ENABLE_OBJC_ARC = YES;
				CLANG_ENABLE_OBJC_WEAK = YES;
				CLANG_WARN_BLOCK_CAPTURE_AUTORELEASING = YES;
				CLANG_WARN_BOOL_CONVERSION = YES;
				CLANG_WARN_COMMA = YES;
				CLANG_WARN_CONSTANT_CONVERSION = YES;
				CLANG_WARN_DEPRECATED_OBJC_IMPLEMENTATIONS = YES;
				CLANG_WARN_DIRECT_OBJC_ISA_USAGE = YES_ERROR;
				CLANG_WARN_DOCUMENTATION_COMMENTS = YES;
				CLANG_WARN_EMPTY_BODY = YES;
				CLANG_WARN_ENUM_CONVERSION = YES;
				CLANG_WARN_INFINITE_RECURSION = YES;
				CLANG_WARN_INT_CONVERSION = YES;
				CLANG_WARN_NON_LITERAL_NULL_CONVERSION = YES;
				CLANG_WARN_OBJC_IMPLICIT_RETAIN_SELF = YES;
				CLANG_WARN_OBJC_LITERAL_CONVERSION = YES;
				CLANG_WARN_OBJC_ROOT_CLASS = YES_ERROR;
				CLANG_WARN_QUOTED_INCLUDE_IN_FRAMEWORK_HEADER = YES;
				CLANG_WARN_RANGE_LOOP_ANALYSIS = YES;
				CLANG_WARN_STRICT_PROTOTYPES = YES;
				CLANG_WARN_SUSPICIOUS_MOVE = YES;
				CLANG_WARN_UNGUARDED_AVAILABILITY = YES_AGGRESSIVE;
				CLANG_WARN_UNREACHABLE_CODE = YES;
				CLANG_WARN__DUPLICATE_METHOD_MATCH = YES;
				COPY_PHASE_STRIP = NO;
				DEBUG_INFORMATION_FORMAT = dwarf;
				ENABLE_STRICT_OBJC_MSGSEND = YES;
				ENABLE_TESTABILITY = YES;
				GCC_C_LANGUAGE_STANDARD = gnu11;
				GCC_DYNAMIC_NO_PIC = NO;
				GCC_NO_COMMON_BLOCKS = YES;
				GCC_OPTIMIZATION_LEVEL = 0;
				GCC_PREPROCESSOR_DEFINITIONS = (
					"DEBUG=1",
					"$(inherited)",
				);
				GCC_WARN_64_TO_32_BIT_CONVERSION = YES;
				GCC_WARN_ABOUT_RETURN_TYPE = YES_ERROR;
				GCC_WARN_UNDECLARED_SELECTOR = YES;
				GCC_WARN_UNINITIALIZED_AUTOS = YES_AGGRESSIVE;
				GCC_WARN_UNUSED_FUNCTION = YES;
				GCC_WARN_UNUSED_VARIABLE = YES;
				IPHONEOS_DEPLOYMENT_TARGET = 14.4;
				MTL_ENABLE_DEBUG_INFO = INCLUDE_SOURCE;
				MTL_FAST_MATH = YES;
				ONLY_ACTIVE_ARCH = YES;
				SDKROOT = iphoneos;
				SWIFT_ACTIVE_COMPILATION_CONDITIONS = DEBUG;
				SWIFT_OPTIMIZATION_LEVEL = "-Onone";
			};
			name = Debug;
		};
		816E3C91261F8A49004C37EA /* Release */ = {
			isa = XCBuildConfiguration;
			buildSettings = {
				ALWAYS_SEARCH_USER_PATHS = NO;
				CLANG_ANALYZER_NONNULL = YES;
				CLANG_ANALYZER_NUMBER_OBJECT_CONVERSION = YES_AGGRESSIVE;
				CLANG_CXX_LANGUAGE_STANDARD = "gnu++14";
				CLANG_CXX_LIBRARY = "libc++";
				CLANG_ENABLE_MODULES = YES;
				CLANG_ENABLE_OBJC_ARC = YES;
				CLANG_ENABLE_OBJC_WEAK = YES;
				CLANG_WARN_BLOCK_CAPTURE_AUTORELEASING = YES;
				CLANG_WARN_BOOL_CONVERSION = YES;
				CLANG_WARN_COMMA = YES;
				CLANG_WARN_CONSTANT_CONVERSION = YES;
				CLANG_WARN_DEPRECATED_OBJC_IMPLEMENTATIONS = YES;
				CLANG_WARN_DIRECT_OBJC_ISA_USAGE = YES_ERROR;
				CLANG_WARN_DOCUMENTATION_COMMENTS = YES;
				CLANG_WARN_EMPTY_BODY = YES;
				CLANG_WARN_ENUM_CONVERSION = YES;
				CLANG_WARN_INFINITE_RECURSION = YES;
				CLANG_WARN_INT_CONVERSION = YES;
				CLANG_WARN_NON_LITERAL_NULL_CONVERSION = YES;
				CLANG_WARN_OBJC_IMPLICIT_RETAIN_SELF = YES;
				CLANG_WARN_OBJC_LITERAL_CONVERSION = YES;
				CLANG_WARN_OBJC_ROOT_CLASS = YES_ERROR;
				CLANG_WARN_QUOTED_INCLUDE_IN_FRAMEWORK_HEADER = YES;
				CLANG_WARN_RANGE_LOOP_ANALYSIS = YES;
				CLANG_WARN_STRICT_PROTOTYPES = YES;
				CLANG_WARN_SUSPICIOUS_MOVE = YES;
				CLANG_WARN_UNGUARDED_AVAILABILITY = YES_AGGRESSIVE;
				CLANG_WARN_UNREACHABLE_CODE = YES;
				CLANG_WARN__DUPLICATE_METHOD_MATCH = YES;
				COPY_PHASE_STRIP = NO;
				DEBUG_INFORMATION_FORMAT = "dwarf-with-dsym";
				ENABLE_NS_ASSERTIONS = NO;
				ENABLE_STRICT_OBJC_MSGSEND = YES;
				GCC_C_LANGUAGE_STANDARD = gnu11;
				GCC_NO_COMMON_BLOCKS = YES;
				GCC_WARN_64_TO_32_BIT_CONVERSION = YES;
				GCC_WARN_ABOUT_RETURN_TYPE = YES_ERROR;
				GCC_WARN_UNDECLARED_SELECTOR = YES;
				GCC_WARN_UNINITIALIZED_AUTOS = YES_AGGRESSIVE;
				GCC_WARN_UNUSED_FUNCTION = YES;
				GCC_WARN_UNUSED_VARIABLE = YES;
				IPHONEOS_DEPLOYMENT_TARGET = 14.4;
				MTL_ENABLE_DEBUG_INFO = NO;
				MTL_FAST_MATH = YES;
				SDKROOT = iphoneos;
				SWIFT_COMPILATION_MODE = wholemodule;
				SWIFT_OPTIMIZATION_LEVEL = "-O";
				VALIDATE_PRODUCT = YES;
			};
			name = Release;
		};
		816E3C93261F8A49004C37EA /* Debug */ = {
			isa = XCBuildConfiguration;
			buildSettings = {
				ASSETCATALOG_COMPILER_APPICON_NAME = AppIcon;
				ASSETCATALOG_COMPILER_GLOBAL_ACCENT_COLOR_NAME = AccentColor;
				CODE_SIGN_STYLE = Manual;
				DEVELOPMENT_ASSET_PATHS = "\"SnowSeeker/Preview Content\"";
				DEVELOPMENT_TEAM = "";
				ENABLE_PREVIEWS = YES;
				INFOPLIST_FILE = SnowSeeker/Info.plist;
				IPHONEOS_DEPLOYMENT_TARGET = 14.0;
				LD_RUNPATH_SEARCH_PATHS = (
					"$(inherited)",
					"@executable_path/Frameworks",
				);
				PRODUCT_BUNDLE_IDENTIFIER = com.zamora.SnowSeeker;
				PRODUCT_NAME = "$(TARGET_NAME)";
				PROVISIONING_PROFILE_SPECIFIER = "";
				SWIFT_VERSION = 5.0;
				TARGETED_DEVICE_FAMILY = "1,2";
			};
			name = Debug;
		};
		816E3C94261F8A49004C37EA /* Release */ = {
			isa = XCBuildConfiguration;
			buildSettings = {
				ASSETCATALOG_COMPILER_APPICON_NAME = AppIcon;
				ASSETCATALOG_COMPILER_GLOBAL_ACCENT_COLOR_NAME = AccentColor;
				CODE_SIGN_STYLE = Manual;
				DEVELOPMENT_ASSET_PATHS = "\"SnowSeeker/Preview Content\"";
				DEVELOPMENT_TEAM = "";
				ENABLE_PREVIEWS = YES;
				INFOPLIST_FILE = SnowSeeker/Info.plist;
				IPHONEOS_DEPLOYMENT_TARGET = 14.0;
				LD_RUNPATH_SEARCH_PATHS = (
					"$(inherited)",
					"@executable_path/Frameworks",
				);
				PRODUCT_BUNDLE_IDENTIFIER = com.zamora.SnowSeeker;
				PRODUCT_NAME = "$(TARGET_NAME)";
				PROVISIONING_PROFILE_SPECIFIER = "";
				SWIFT_VERSION = 5.0;
				TARGETED_DEVICE_FAMILY = "1,2";
			};
			name = Release;
		};
/* End XCBuildConfiguration section */

/* Begin XCConfigurationList section */
		816E3C7E261F8A49004C37EA /* Build configuration list for PBXProject "SnowSeeker" */ = {
			isa = XCConfigurationList;
			buildConfigurations = (
				816E3C90261F8A49004C37EA /* Debug */,
				816E3C91261F8A49004C37EA /* Release */,
			);
			defaultConfigurationIsVisible = 0;
			defaultConfigurationName = Release;
		};
		816E3C92261F8A49004C37EA /* Build configuration list for PBXNativeTarget "SnowSeeker" */ = {
			isa = XCConfigurationList;
			buildConfigurations = (
				816E3C93261F8A49004C37EA /* Debug */,
				816E3C94261F8A49004C37EA /* Release */,
			);
			defaultConfigurationIsVisible = 0;
			defaultConfigurationName = Release;
		};
/* End XCConfigurationList section */
	};
	rootObject = 816E3C7B261F8A49004C37EA /* Project object */;
}
